
Microsoft Visual Studio Solution File, Format Version 12.00
# Visual Studio Version 17
VisualStudioVersion = 17.11.35327.3
MinimumVisualStudioVersion = 10.0.40219.1
Project("{FAE04EC0-301F-11D3-BF4B-00C04F79EFBC}") = "AdsApp", "AdsApp.csproj", "{971D0790-4410-4AAA-9B8A-1AF3228BBC0D}"
EndProject
Global
	GlobalSection(SolutionConfigurationPlatforms) = preSolution
		Debug|Any CPU = Debug|Any CPU
		Release|Any CPU = Release|Any CPU
	EndGlobalSection
	GlobalSection(ProjectConfigurationPlatforms) = postSolution
		{971D0790-4410-4AAA-9B8A-1AF3228BBC0D}.Debug|Any CPU.ActiveCfg = Debug|Any CPU
		{971D0790-4410-4AAA-9B8A-1AF3228BBC0D}.Debug|Any CPU.Build.0 = Debug|Any CPU
		{971D0790-4410-4AAA-9B8A-1AF3228BBC0D}.Release|Any CPU.ActiveCfg = Release|Any CPU
		{971D0790-4410-4AAA-9B8A-1AF3228BBC0D}.Release|Any CPU.Build.0 = Release|Any CPU
	EndGlobalSection
	GlobalSection(SolutionProperties) = preSolution
		HideSolutionNode = FALSE
	EndGlobalSection
	GlobalSection(ExtensibilityGlobals) = postSolution
		SolutionGuid = {9A9D84F4-0B85-4E77-AAB3-4EC972075A6D}
	EndGlobalSection
EndGlobal
